
Microsoft Visual Studio Solution File, Format Version 12.00
# Visual Studio Version 17
VisualStudioVersion = 17.14.37111.16
MinimumVisualStudioVersion = 10.0.40219.1
Project("{FAE04EC0-301F-11D3-BF4B-00C04F79EFBC}") = "APP_Server_Assembly", "APP_Server_Assembly\APP_Server_Assembly.csproj", "{BD6FBC25-09D5-4C9A-8620-DB3019BAC8E6}"
EndProject
Project("{FAE04EC0-301F-11D3-BF4B-00C04F79EFBC}") = "APP_Client_Assembly", "APP_Client_Assembly\APP_Client_Assembly.csproj", "{C4BBBA19-C13B-4CBC-B6D4-A95A72E09CEC}"
EndProject
Global
	GlobalSection(SolutionConfigurationPlatforms) = preSolution
		Debug|Any CPU = Debug|Any CPU
		Release|Any CPU = Release|Any CPU
	EndGlobalSection
	GlobalSection(ProjectConfigurationPlatforms) = postSolution
		{BD6FBC25-09D5-4C9A-8620-DB3019BAC8E6}.Debug|Any CPU.ActiveCfg = Debug|Any CPU
		{BD6FBC25-09D5-4C9A-8620-DB3019BAC8E6}.Debug|Any CPU.Build.0 = Debug|Any CPU
		{BD6FBC25-09D5-4C9A-8620-DB3019BAC8E6}.Release|Any CPU.ActiveCfg = Release|Any CPU
		{BD6FBC25-09D5-4C9A-8620-DB3019BAC8E6}.Release|Any CPU.Build.0 = Release|Any CPU
		{C4BBBA19-C13B-4CBC-B6D4-A95A72E09CEC}.Debug|Any CPU.ActiveCfg = Debug|Any CPU
		{C4BBBA19-C13B-4CBC-B6D4-A95A72E09CEC}.Debug|Any CPU.Build.0 = Debug|Any CPU
		{C4BBBA19-C13B-4CBC-B6D4-A95A72E09CEC}.Release|Any CPU.ActiveCfg = Release|Any CPU
		{C4BBBA19-C13B-4CBC-B6D4-A95A72E09CEC}.Release|Any CPU.Build.0 = Release|Any CPU
	EndGlobalSection
	GlobalSection(SolutionProperties) = preSolution
		HideSolutionNode = FALSE
	EndGlobalSection
	GlobalSection(ExtensibilityGlobals) = postSolution
		SolutionGuid = {E7A2FD9F-C488-4734-AF40-BD7EC2D81C9B}
	EndGlobalSection
EndGlobal
